// !$*UTF8*$!
{
	archiveVersion = 1;
	classes = {
	};
	objectVersion = 50;
	objects = {

/* Begin PBXBuildFile section */
		10728B0C2612E7D2002A22ED /* DocumentDetail.swift in Sources */ = {isa = PBXBuildFile; fileRef = 10728B0B2612E7D2002A22ED /* DocumentDetail.swift */; };
		1078B65F261196F5002C759E /* ScannerApp.swift in Sources */ = {isa = PBXBuildFile; fileRef = 1078B65E261196F5002C759E /* ScannerApp.swift */; };
		1078B661261196F5002C759E /* ContentView.swift in Sources */ = {isa = PBXBuildFile; fileRef = 1078B660261196F5002C759E /* ContentView.swift */; };
		1078B663261196F7002C759E /* Assets.xcassets in Resources */ = {isa = PBXBuildFile; fileRef = 1078B662261196F7002C759E /* Assets.xcassets */; };
		1078B666261196F7002C759E /* Preview Assets.xcassets in Resources */ = {isa = PBXBuildFile; fileRef = 1078B665261196F7002C759E /* Preview Assets.xcassets */; };
		1078B668261196F7002C759E /* Persistence.swift in Sources */ = {isa = PBXBuildFile; fileRef = 1078B667261196F7002C759E /* Persistence.swift */; };
		1078B66B261196F7002C759E /* Scanner.xcdatamodeld in Sources */ = {isa = PBXBuildFile; fileRef = 1078B669261196F7002C759E /* Scanner.xcdatamodeld */; };
		1078B676261196F7002C759E /* ScannerTests.swift in Sources */ = {isa = PBXBuildFile; fileRef = 1078B675261196F7002C759E /* ScannerTests.swift */; };
		1078B681261196F7002C759E /* ScannerUITests.swift in Sources */ = {isa = PBXBuildFile; fileRef = 1078B680261196F7002C759E /* ScannerUITests.swift */; };
		1078B6962611C521002C759E /* ScanDocumentView.swift in Sources */ = {isa = PBXBuildFile; fileRef = 1078B6952611C521002C759E /* ScanDocumentView.swift */; };
		1078B69B2611C53C002C759E /* LaunchScreen.storyboard in Resources */ = {isa = PBXBuildFile; fileRef = 1078B69A2611C53C002C759E /* LaunchScreen.storyboard */; };
		1095B4BC26532F7E007C6CB7 /* Bill.swift in Sources */ = {isa = PBXBuildFile; fileRef = 1095B4BB26532F7E007C6CB7 /* Bill.swift */; };
		10A4F192264A33700091A28A /* DocumentRow.swift in Sources */ = {isa = PBXBuildFile; fileRef = 10A4F191264A33700091A28A /* DocumentRow.swift */; };
		10BF3CAE2612E61800D9865F /* DocumentList.swift in Sources */ = {isa = PBXBuildFile; fileRef = 10BF3CAD2612E61800D9865F /* DocumentList.swift */; };
/* End PBXBuildFile section */

/* Begin PBXContainerItemProxy section */
		1078B672261196F7002C759E /* PBXContainerItemProxy */ = {
			isa = PBXContainerItemProxy;
			containerPortal = 1078B653261196F5002C759E /* Project object */;
			proxyType = 1;
			remoteGlobalIDString = 1078B65A261196F5002C759E;
			remoteInfo = Scanner;
		};
		1078B67D261196F7002C759E /* PBXContainerItemProxy */ = {
			isa = PBXContainerItemProxy;
			containerPortal = 1078B653261196F5002C759E /* Project object */;
			proxyType = 1;
			remoteGlobalIDString = 1078B65A261196F5002C759E;
			remoteInfo = Scanner;
		};
/* End PBXContainerItemProxy section */

/* Begin PBXFileReference section */
		10728B0B2612E7D2002A22ED /* DocumentDetail.swift */ = {isa = PBXFileReference; lastKnownFileType = sourcecode.swift; path = DocumentDetail.swift; sourceTree = "<group>"; };
		1078B65B261196F5002C759E /* Scanner.app */ = {isa = PBXFileReference; explicitFileType = wrapper.application; includeInIndex = 0; path = Scanner.app; sourceTree = BUILT_PRODUCTS_DIR; };
		1078B65E261196F5002C759E /* ScannerApp.swift */ = {isa = PBXFileReference; lastKnownFileType = sourcecode.swift; path = ScannerApp.swift; sourceTree = "<group>"; };
		1078B660261196F5002C759E /* ContentView.swift */ = {isa = PBXFileReference; lastKnownFileType = sourcecode.swift; path = ContentView.swift; sourceTree = "<group>"; };
		1078B662261196F7002C759E /* Assets.xcassets */ = {isa = PBXFileReference; lastKnownFileType = folder.assetcatalog; path = Assets.xcassets; sourceTree = "<group>"; };
		1078B665261196F7002C759E /* Preview Assets.xcassets */ = {isa = PBXFileReference; lastKnownFileType = folder.assetcatalog; path = "Preview Assets.xcassets"; sourceTree = "<group>"; };
		1078B667261196F7002C759E /* Persistence.swift */ = {isa = PBXFileReference; lastKnownFileType = sourcecode.swift; path = Persistence.swift; sourceTree = "<group>"; };
		1078B66A261196F7002C759E /* Scanner.xcdatamodel */ = {isa = PBXFileReference; lastKnownFileType = wrapper.xcdatamodel; path = Scanner.xcdatamodel; sourceTree = "<group>"; };
		1078B66C261196F7002C759E /* Info.plist */ = {isa = PBXFileReference; lastKnownFileType = text.plist.xml; path = Info.plist; sourceTree = "<group>"; };
		1078B671261196F7002C759E /* ScannerTests.xctest */ = {isa = PBXFileReference; explicitFileType = wrapper.cfbundle; includeInIndex = 0; path = ScannerTests.xctest; sourceTree = BUILT_PRODUCTS_DIR; };
		1078B675261196F7002C759E /* ScannerTests.swift */ = {isa = PBXFileReference; lastKnownFileType = sourcecode.swift; path = ScannerTests.swift; sourceTree = "<group>"; };
		1078B677261196F7002C759E /* Info.plist */ = {isa = PBXFileReference; lastKnownFileType = text.plist.xml; path = Info.plist; sourceTree = "<group>"; };
		1078B67C261196F7002C759E /* ScannerUITests.xctest */ = {isa = PBXFileReference; explicitFileType = wrapper.cfbundle; includeInIndex = 0; path = ScannerUITests.xctest; sourceTree = BUILT_PRODUCTS_DIR; };
		1078B680261196F7002C759E /* ScannerUITests.swift */ = {isa = PBXFileReference; lastKnownFileType = sourcecode.swift; path = ScannerUITests.swift; sourceTree = "<group>"; };
		1078B682261196F7002C759E /* Info.plist */ = {isa = PBXFileReference; lastKnownFileType = text.plist.xml; path = Info.plist; sourceTree = "<group>"; };
		1078B6952611C521002C759E /* ScanDocumentView.swift */ = {isa = PBXFileReference; fileEncoding = 4; lastKnownFileType = sourcecode.swift; path = ScanDocumentView.swift; sourceTree = "<group>"; };
		1078B69A2611C53C002C759E /* LaunchScreen.storyboard */ = {isa = PBXFileReference; fileEncoding = 4; lastKnownFileType = file.storyboard; path = LaunchScreen.storyboard; sourceTree = "<group>"; };
		1095B4BB26532F7E007C6CB7 /* Bill.swift */ = {isa = PBXFileReference; lastKnownFileType = sourcecode.swift; path = Bill.swift; sourceTree = "<group>"; };
		10A4F191264A33700091A28A /* DocumentRow.swift */ = {isa = PBXFileReference; lastKnownFileType = sourcecode.swift; path = DocumentRow.swift; sourceTree = "<group>"; };
		10BF3CAD2612E61800D9865F /* DocumentList.swift */ = {isa = PBXFileReference; lastKnownFileType = sourcecode.swift; path = DocumentList.swift; sourceTree = "<group>"; };
/* End PBXFileReference section */

/* Begin PBXFrameworksBuildPhase section */
		1078B658261196F5002C759E /* Frameworks */ = {
			isa = PBXFrameworksBuildPhase;
			buildActionMask = 2147483647;
			files = (
			);
			runOnlyForDeploymentPostprocessing = 0;
		};
		1078B66E261196F7002C759E /* Frameworks */ = {
			isa = PBXFrameworksBuildPhase;
			buildActionMask = 2147483647;
			files = (
			);
			runOnlyForDeploymentPostprocessing = 0;
		};
		1078B679261196F7002C759E /* Frameworks */ = {
			isa = PBXFrameworksBuildPhase;
			buildActionMask = 2147483647;
			files = (
			);
			runOnlyForDeploymentPostprocessing = 0;
		};
/* End PBXFrameworksBuildPhase section */

/* Begin PBXGroup section */
		10728B112612E834002A22ED /* Views */ = {
			isa = PBXGroup;
			children = (
				10728B122612E85A002A22ED /* Document */,
				1078B6952611C521002C759E /* ScanDocumentView.swift */,
				1078B660261196F5002C759E /* ContentView.swift */,
			);
			path = Views;
			sourceTree = "<group>";
		};
		10728B122612E85A002A22ED /* Document */ = {
			isa = PBXGroup;
			children = (
				10728B0B2612E7D2002A22ED /* DocumentDetail.swift */,
				10BF3CAD2612E61800D9865F /* DocumentList.swift */,
				10A4F191264A33700091A28A /* DocumentRow.swift */,
			);
			path = Document;
			sourceTree = "<group>";
		};
		1078B652261196F5002C759E = {
			isa = PBXGroup;
			children = (
				1078B65D261196F5002C759E /* Scanner */,
				1078B674261196F7002C759E /* ScannerTests */,
				1078B67F261196F7002C759E /* ScannerUITests */,
				1078B65C261196F5002C759E /* Products */,
			);
			sourceTree = "<group>";
		};
		1078B65C261196F5002C759E /* Products */ = {
			isa = PBXGroup;
			children = (
				1078B65B261196F5002C759E /* Scanner.app */,
				1078B671261196F7002C759E /* ScannerTests.xctest */,
				1078B67C261196F7002C759E /* ScannerUITests.xctest */,
			);
			name = Products;
			sourceTree = "<group>";
		};
		1078B65D261196F5002C759E /* Scanner */ = {
			isa = PBXGroup;
			children = (
				1095B4BA26532F70007C6CB7 /* Model */,
				10728B112612E834002A22ED /* Views */,
				1078B65E261196F5002C759E /* ScannerApp.swift */,
				1078B662261196F7002C759E /* Assets.xcassets */,
				1078B667261196F7002C759E /* Persistence.swift */,
				1078B69A2611C53C002C759E /* LaunchScreen.storyboard */,
				1078B66C261196F7002C759E /* Info.plist */,
				1078B669261196F7002C759E /* Scanner.xcdatamodeld */,
				1078B664261196F7002C759E /* Preview Content */,
			);
			path = Scanner;
			sourceTree = "<group>";
		};
		1078B664261196F7002C759E /* Preview Content */ = {
			isa = PBXGroup;
			children = (
				1078B665261196F7002C759E /* Preview Assets.xcassets */,
			);
			path = "Preview Content";
			sourceTree = "<group>";
		};
		1078B674261196F7002C759E /* ScannerTests */ = {
			isa = PBXGroup;
			children = (
				1078B675261196F7002C759E /* ScannerTests.swift */,
				1078B677261196F7002C759E /* Info.plist */,
			);
			path = ScannerTests;
			sourceTree = "<group>";
		};
		1078B67F261196F7002C759E /* ScannerUITests */ = {
			isa = PBXGroup;
			children = (
				1078B680261196F7002C759E /* ScannerUITests.swift */,
				1078B682261196F7002C759E /* Info.plist */,
			);
			path = ScannerUITests;
			sourceTree = "<group>";
		};
		1095B4BA26532F70007C6CB7 /* Model */ = {
			isa = PBXGroup;
			children = (
				1095B4BB26532F7E007C6CB7 /* Bill.swift */,
			);
			path = Model;
			sourceTree = "<group>";
		};
/* End PBXGroup section */

/* Begin PBXNativeTarget section */
		1078B65A261196F5002C759E /* Scanner */ = {
			isa = PBXNativeTarget;
			buildConfigurationList = 1078B685261196F7002C759E /* Build configuration list for PBXNativeTarget "Scanner" */;
			buildPhases = (
				1078B657261196F5002C759E /* Sources */,
				1078B658261196F5002C759E /* Frameworks */,
				1078B659261196F5002C759E /* Resources */,
			);
			buildRules = (
			);
			dependencies = (
			);
			name = Scanner;
			productName = Scanner;
			productReference = 1078B65B261196F5002C759E /* Scanner.app */;
			productType = "com.apple.product-type.application";
		};
		1078B670261196F7002C759E /* ScannerTests */ = {
			isa = PBXNativeTarget;
			buildConfigurationList = 1078B688261196F7002C759E /* Build configuration list for PBXNativeTarget "ScannerTests" */;
			buildPhases = (
				1078B66D261196F7002C759E /* Sources */,
				1078B66E261196F7002C759E /* Frameworks */,
				1078B66F261196F7002C759E /* Resources */,
			);
			buildRules = (
			);
			dependencies = (
				1078B673261196F7002C759E /* PBXTargetDependency */,
			);
			name = ScannerTests;
			productName = ScannerTests;
			productReference = 1078B671261196F7002C759E /* ScannerTests.xctest */;
			productType = "com.apple.product-type.bundle.unit-test";
		};
		1078B67B261196F7002C759E /* ScannerUITests */ = {
			isa = PBXNativeTarget;
			buildConfigurationList = 1078B68B261196F7002C759E /* Build configuration list for PBXNativeTarget "ScannerUITests" */;
			buildPhases = (
				1078B678261196F7002C759E /* Sources */,
				1078B679261196F7002C759E /* Frameworks */,
				1078B67A261196F7002C759E /* Resources */,
			);
			buildRules = (
			);
			dependencies = (
				1078B67E261196F7002C759E /* PBXTargetDependency */,
			);
			name = ScannerUITests;
			productName = ScannerUITests;
			productReference = 1078B67C261196F7002C759E /* ScannerUITests.xctest */;
			productType = "com.apple.product-type.bundle.ui-testing";
		};
/* End PBXNativeTarget section */

/* Begin PBXProject section */
		1078B653261196F5002C759E /* Project object */ = {
			isa = PBXProject;
			attributes = {
				LastSwiftUpdateCheck = 1240;
				LastUpgradeCheck = 1240;
				TargetAttributes = {
					1078B65A261196F5002C759E = {
						CreatedOnToolsVersion = 12.4;
					};
					1078B670261196F7002C759E = {
						CreatedOnToolsVersion = 12.4;
						TestTargetID = 1078B65A261196F5002C759E;
					};
					1078B67B261196F7002C759E = {
						CreatedOnToolsVersion = 12.4;
						TestTargetID = 1078B65A261196F5002C759E;
					};
				};
			};
			buildConfigurationList = 1078B656261196F5002C759E /* Build configuration list for PBXProject "Scanner" */;
			compatibilityVersion = "Xcode 9.3";
			developmentRegion = en;
			hasScannedForEncodings = 0;
			knownRegions = (
				en,
				Base,
			);
			mainGroup = 1078B652261196F5002C759E;
			productRefGroup = 1078B65C261196F5002C759E /* Products */;
			projectDirPath = "";
			projectRoot = "";
			targets = (
				1078B65A261196F5002C759E /* Scanner */,
				1078B670261196F7002C759E /* ScannerTests */,
				1078B67B261196F7002C759E /* ScannerUITests */,
			);
		};
/* End PBXProject section */

/* Begin PBXResourcesBuildPhase section */
		1078B659261196F5002C759E /* Resources */ = {
			isa = PBXResourcesBuildPhase;
			buildActionMask = 2147483647;
			files = (
				1078B69B2611C53C002C759E /* LaunchScreen.storyboard in Resources */,
				1078B666261196F7002C759E /* Preview Assets.xcassets in Resources */,
				1078B663261196F7002C759E /* Assets.xcassets in Resources */,
			);
			runOnlyForDeploymentPostprocessing = 0;
		};
		1078B66F261196F7002C759E /* Resources */ = {
			isa = PBXResourcesBuildPhase;
			buildActionMask = 2147483647;
			files = (
			);
			runOnlyForDeploymentPostprocessing = 0;
		};
		1078B67A261196F7002C759E /* Resources */ = {
			isa = PBXResourcesBuildPhase;
			buildActionMask = 2147483647;
			files = (
			);
			runOnlyForDeploymentPostprocessing = 0;
		};
/* End PBXResourcesBuildPhase section */

/* Begin PBXSourcesBuildPhase section */
		1078B657261196F5002C759E /* Sources */ = {
			isa = PBXSourcesBuildPhase;
			buildActionMask = 2147483647;
			files = (
				10BF3CAE2612E61800D9865F /* DocumentList.swift in Sources */,
				1078B668261196F7002C759E /* Persistence.swift in Sources */,
				1078B661261196F5002C759E /* ContentView.swift in Sources */,
				10A4F192264A33700091A28A /* DocumentRow.swift in Sources */,
				10728B0C2612E7D2002A22ED /* DocumentDetail.swift in Sources */,
				1078B66B261196F7002C759E /* Scanner.xcdatamodeld in Sources */,
				1078B6962611C521002C759E /* ScanDocumentView.swift in Sources */,
				1095B4BC26532F7E007C6CB7 /* Bill.swift in Sources */,
				1078B65F261196F5002C759E /* ScannerApp.swift in Sources */,
			);
			runOnlyForDeploymentPostprocessing = 0;
		};
		1078B66D261196F7002C759E /* Sources */ = {
			isa = PBXSourcesBuildPhase;
			buildActionMask = 2147483647;
			files = (
				1078B676261196F7002C759E /* ScannerTests.swift in Sources */,
			);
			runOnlyForDeploymentPostprocessing = 0;
		};
		1078B678261196F7002C759E /* Sources */ = {
			isa = PBXSourcesBuildPhase;
			buildActionMask = 2147483647;
			files = (
				1078B681261196F7002C759E /* ScannerUITests.swift in Sources */,
			);
			runOnlyForDeploymentPostprocessing = 0;
		};
/* End PBXSourcesBuildPhase section */

/* Begin PBXTargetDependency section */
		1078B673261196F7002C759E /* PBXTargetDependency */ = {
			isa = PBXTargetDependency;
			target = 1078B65A261196F5002C759E /* Scanner */;
			targetProxy = 1078B672261196F7002C759E /* PBXContainerItemProxy */;
		};
		1078B67E261196F7002C759E /* PBXTargetDependency */ = {
			isa = PBXTargetDependency;
			target = 1078B65A261196F5002C759E /* Scanner */;
			targetProxy = 1078B67D261196F7002C759E /* PBXContainerItemProxy */;
		};
/* End PBXTargetDependency section */

/* Begin XCBuildConfiguration section */
		1078B683261196F7002C759E /* Debug */ = {
			isa = XCBuildConfiguration;
			buildSettings = {
				ALWAYS_SEARCH_USER_PATHS = NO;
				CLANG_ANALYZER_NONNULL = YES;
				CLANG_ANALYZER_NUMBER_OBJECT_CONVERSION = YES_AGGRESSIVE;
				CLANG_CXX_LANGUAGE_STANDARD = "gnu++14";
				CLANG_CXX_LIBRARY = "libc++";
				CLANG_ENABLE_MODULES = YES;
				CLANG_ENABLE_OBJC_ARC = YES;
				CLANG_ENABLE_OBJC_WEAK = YES;
				CLANG_WARN_BLOCK_CAPTURE_AUTORELEASING = YES;
				CLANG_WARN_BOOL_CONVERSION = YES;
				CLANG_WARN_COMMA = YES;
				CLANG_WARN_CONSTANT_CONVERSION = YES;
				CLANG_WARN_DEPRECATED_OBJC_IMPLEMENTATIONS = YES;
				CLANG_WARN_DIRECT_OBJC_ISA_USAGE = YES_ERROR;
				CLANG_WARN_DOCUMENTATION_COMMENTS = YES;
				CLANG_WARN_EMPTY_BODY = YES;
				CLANG_WARN_ENUM_CONVERSION = YES;
				CLANG_WARN_INFINITE_RECURSION = YES;
				CLANG_WARN_INT_CONVERSION = YES;
				CLANG_WARN_NON_LITERAL_NULL_CONVERSION = YES;
				CLANG_WARN_OBJC_IMPLICIT_RETAIN_SELF = YES;
				CLANG_WARN_OBJC_LITERAL_CONVERSION = YES;
				CLANG_WARN_OBJC_ROOT_CLASS = YES_ERROR;
				CLANG_WARN_QUOTED_INCLUDE_IN_FRAMEWORK_HEADER = YES;
				CLANG_WARN_RANGE_LOOP_ANALYSIS = YES;
				CLANG_WARN_STRICT_PROTOTYPES = YES;
				CLANG_WARN_SUSPICIOUS_MOVE = YES;
				CLANG_WARN_UNGUARDED_AVAILABILITY = YES_AGGRESSIVE;
				CLANG_WARN_UNREACHABLE_CODE = YES;
				CLANG_WARN__DUPLICATE_METHOD_MATCH = YES;
				COPY_PHASE_STRIP = NO;
				DEBUG_INFORMATION_FORMAT = dwarf;
				ENABLE_STRICT_OBJC_MSGSEND = YES;
				ENABLE_TESTABILITY = YES;
				GCC_C_LANGUAGE_STANDARD = gnu11;
				GCC_DYNAMIC_NO_PIC = NO;
				GCC_NO_COMMON_BLOCKS = YES;
				GCC_OPTIMIZATION_LEVEL = 0;
				GCC_PREPROCESSOR_DEFINITIONS = (
					"DEBUG=1",
					"$(inherited)",
				);
				GCC_WARN_64_TO_32_BIT_CONVERSION = YES;
				GCC_WARN_ABOUT_RETURN_TYPE = YES_ERROR;
				GCC_WARN_UNDECLARED_SELECTOR = YES;
				GCC_WARN_UNINITIALIZED_AUTOS = YES_AGGRESSIVE;
				GCC_WARN_UNUSED_FUNCTION = YES;
				GCC_WARN_UNUSED_VARIABLE = YES;
				IPHONEOS_DEPLOYMENT_TARGET = 14.4;
				MTL_ENABLE_DEBUG_INFO = INCLUDE_SOURCE;
				MTL_FAST_MATH = YES;
				ONLY_ACTIVE_ARCH = YES;
				SDKROOT = iphoneos;
				SWIFT_ACTIVE_COMPILATION_CONDITIONS = DEBUG;
				SWIFT_OPTIMIZATION_LEVEL = "-Onone";
			};
			name = Debug;
		};
		1078B684261196F7002C759E /* Release */ = {
			isa = XCBuildConfiguration;
			buildSettings = {
				ALWAYS_SEARCH_USER_PATHS = NO;
				CLANG_ANALYZER_NONNULL = YES;
				CLANG_ANALYZER_NUMBER_OBJECT_CONVERSION = YES_AGGRESSIVE;
				CLANG_CXX_LANGUAGE_STANDARD = "gnu++14";
				CLANG_CXX_LIBRARY = "libc++";
				CLANG_ENABLE_MODULES = YES;
				CLANG_ENABLE_OBJC_ARC = YES;
				CLANG_ENABLE_OBJC_WEAK = YES;
				CLANG_WARN_BLOCK_CAPTURE_AUTORELEASING = YES;
				CLANG_WARN_BOOL_CONVERSION = YES;
				CLANG_WARN_COMMA = YES;
				CLANG_WARN_CONSTANT_CONVERSION = YES;
				CLANG_WARN_DEPRECATED_OBJC_IMPLEMENTATIONS = YES;
				CLANG_WARN_DIRECT_OBJC_ISA_USAGE = YES_ERROR;
				CLANG_WARN_DOCUMENTATION_COMMENTS = YES;
				CLANG_WARN_EMPTY_BODY = YES;
				CLANG_WARN_ENUM_CONVERSION = YES;
				CLANG_WARN_INFINITE_RECURSION = YES;
				CLANG_WARN_INT_CONVERSION = YES;
				CLANG_WARN_NON_LITERAL_NULL_CONVERSION = YES;
				CLANG_WARN_OBJC_IMPLICIT_RETAIN_SELF = YES;
				CLANG_WARN_OBJC_LITERAL_CONVERSION = YES;
				CLANG_WARN_OBJC_ROOT_CLASS = YES_ERROR;
				CLANG_WARN_QUOTED_INCLUDE_IN_FRAMEWORK_HEADER = YES;
				CLANG_WARN_RANGE_LOOP_ANALYSIS = YES;
				CLANG_WARN_STRICT_PROTOTYPES = YES;
				CLANG_WARN_SUSPICIOUS_MOVE = YES;
				CLANG_WARN_UNGUARDED_AVAILABILITY = YES_AGGRESSIVE;
				CLANG_WARN_UNREACHABLE_CODE = YES;
				CLANG_WARN__DUPLICATE_METHOD_MATCH = YES;
				COPY_PHASE_STRIP = NO;
				DEBUG_INFORMATION_FORMAT = "dwarf-with-dsym";
				ENABLE_NS_ASSERTIONS = NO;
				ENABLE_STRICT_OBJC_MSGSEND = YES;
				GCC_C_LANGUAGE_STANDARD = gnu11;
				GCC_NO_COMMON_BLOCKS = YES;
				GCC_WARN_64_TO_32_BIT_CONVERSION = YES;
				GCC_WARN_ABOUT_RETURN_TYPE = YES_ERROR;
				GCC_WARN_UNDECLARED_SELECTOR = YES;
				GCC_WARN_UNINITIALIZED_AUTOS = YES_AGGRESSIVE;
				GCC_WARN_UNUSED_FUNCTION = YES;
				GCC_WARN_UNUSED_VARIABLE = YES;
				IPHONEOS_DEPLOYMENT_TARGET = 14.4;
				MTL_ENABLE_DEBUG_INFO = NO;
				MTL_FAST_MATH = YES;
				SDKROOT = iphoneos;
				SWIFT_COMPILATION_MODE = wholemodule;
				SWIFT_OPTIMIZATION_LEVEL = "-O";
				VALIDATE_PRODUCT = YES;
			};
			name = Release;
		};
		1078B686261196F7002C759E /* Debug */ = {
			isa = XCBuildConfiguration;
			buildSettings = {
				ASSETCATALOG_COMPILER_APPICON_NAME = AppIcon;
				ASSETCATALOG_COMPILER_GLOBAL_ACCENT_COLOR_NAME = AccentColor;
				CODE_SIGN_STYLE = Automatic;
				DEVELOPMENT_ASSET_PATHS = "\"Scanner/Preview Content\"";
				DEVELOPMENT_TEAM = DUKN7Z52CW;
				ENABLE_PREVIEWS = YES;
				INFOPLIST_FILE = Scanner/Info.plist;
				IPHONEOS_DEPLOYMENT_TARGET = 14.0;
				LD_RUNPATH_SEARCH_PATHS = (
					"$(inherited)",
					"@executable_path/Frameworks",
				);
				PRODUCT_BUNDLE_IDENTIFIER = com.it114118.scanner5;
				PRODUCT_NAME = "$(TARGET_NAME)";
				SWIFT_VERSION = 5.0;
				TARGETED_DEVICE_FAMILY = "1,2";
			};
			name = Debug;
		};
		1078B687261196F7002C759E /* Release */ = {
			isa = XCBuildConfiguration;
			buildSettings = {
				ASSETCATALOG_COMPILER_APPICON_NAME = AppIcon;
				ASSETCATALOG_COMPILER_GLOBAL_ACCENT_COLOR_NAME = AccentColor;
				CODE_SIGN_IDENTITY = "Apple Development";
				CODE_SIGN_STYLE = Automatic;
				DEVELOPMENT_ASSET_PATHS = "\"Scanner/Preview Content\"";
				DEVELOPMENT_TEAM = DUKN7Z52CW;
				ENABLE_PREVIEWS = YES;
				INFOPLIST_FILE = Scanner/Info.plist;
				IPHONEOS_DEPLOYMENT_TARGET = 14.0;
				LD_RUNPATH_SEARCH_PATHS = (
					"$(inherited)",
					"@executable_path/Frameworks",
				);
				PRODUCT_BUNDLE_IDENTIFIER = com.it114118.scanner5;
				PRODUCT_NAME = "$(TARGET_NAME)";
				PROVISIONING_PROFILE_SPECIFIER = "";
				SWIFT_VERSION = 5.0;
				TARGETED_DEVICE_FAMILY = "1,2";
			};
			name = Release;
		};
		1078B689261196F7002C759E /* Debug */ = {
			isa = XCBuildConfiguration;
			buildSettings = {
				ALWAYS_EMBED_SWIFT_STANDARD_LIBRARIES = YES;
				BUNDLE_LOADER = "$(TEST_HOST)";
				CODE_SIGN_STYLE = Automatic;
				DEVELOPMENT_TEAM = 5JS8HUQALB;
				INFOPLIST_FILE = ScannerTests/Info.plist;
				IPHONEOS_DEPLOYMENT_TARGET = 14.0;
				LD_RUNPATH_SEARCH_PATHS = (
					"$(inherited)",
					"@executable_path/Frameworks",
					"@loader_path/Frameworks",
				);
				PRODUCT_BUNDLE_IDENTIFIER = org.it114118.ScannerTests;
				PRODUCT_NAME = "$(TARGET_NAME)";
				SWIFT_VERSION = 5.0;
				TARGETED_DEVICE_FAMILY = "1,2";
				TEST_HOST = "$(BUILT_PRODUCTS_DIR)/Scanner.app/Scanner";
			};
			name = Debug;
		};
		1078B68A261196F7002C759E /* Release */ = {
			isa = XCBuildConfiguration;
			buildSettings = {
				ALWAYS_EMBED_SWIFT_STANDARD_LIBRARIES = YES;
				BUNDLE_LOADER = "$(TEST_HOST)";
				CODE_SIGN_STYLE = Automatic;
				DEVELOPMENT_TEAM = 5JS8HUQALB;
				INFOPLIST_FILE = ScannerTests/Info.plist;
				IPHONEOS_DEPLOYMENT_TARGET = 14.0;
				LD_RUNPATH_SEARCH_PATHS = (
					"$(inherited)",
					"@executable_path/Frameworks",
					"@loader_path/Frameworks",
				);
				PRODUCT_BUNDLE_IDENTIFIER = org.it114118.ScannerTests;
				PRODUCT_NAME = "$(TARGET_NAME)";
				SWIFT_VERSION = 5.0;
				TARGETED_DEVICE_FAMILY = "1,2";
				TEST_HOST = "$(BUILT_PRODUCTS_DIR)/Scanner.app/Scanner";
			};
			name = Release;
		};
		1078B68C261196F7002C759E /* Debug */ = {
			isa = XCBuildConfiguration;
			buildSettings = {
				ALWAYS_EMBED_SWIFT_STANDARD_LIBRARIES = YES;
				CODE_SIGN_STYLE = Automatic;
				DEVELOPMENT_TEAM = 5JS8HUQALB;
				INFOPLIST_FILE = ScannerUITests/Info.plist;
				LD_RUNPATH_SEARCH_PATHS = (
					"$(inherited)",
					"@executable_path/Frameworks",
					"@loader_path/Frameworks",
				);
				PRODUCT_BUNDLE_IDENTIFIER = org.it114118.ScannerUITests;
				PRODUCT_NAME = "$(TARGET_NAME)";
				SWIFT_VERSION = 5.0;
				TARGETED_DEVICE_FAMILY = "1,2";
				TEST_TARGET_NAME = Scanner;
			};
			name = Debug;
		};
		1078B68D261196F7002C759E /* Release */ = {
			isa = XCBuildConfiguration;
			buildSettings = {
				ALWAYS_EMBED_SWIFT_STANDARD_LIBRARIES = YES;
				CODE_SIGN_STYLE = Automatic;
				DEVELOPMENT_TEAM = 5JS8HUQALB;
				INFOPLIST_FILE = ScannerUITests/Info.plist;
				LD_RUNPATH_SEARCH_PATHS = (
					"$(inherited)",
					"@executable_path/Frameworks",
					"@loader_path/Frameworks",
				);
				PRODUCT_BUNDLE_IDENTIFIER = org.it114118.ScannerUITests;
				PRODUCT_NAME = "$(TARGET_NAME)";
				SWIFT_VERSION = 5.0;
				TARGETED_DEVICE_FAMILY = "1,2";
				TEST_TARGET_NAME = Scanner;
			};
			name = Release;
		};
/* End XCBuildConfiguration section */

/* Begin XCConfigurationList section */
		1078B656261196F5002C759E /* Build configuration list for PBXProject "Scanner" */ = {
			isa = XCConfigurationList;
			buildConfigurations = (
				1078B683261196F7002C759E /* Debug */,
				1078B684261196F7002C759E /* Release */,
			);
			defaultConfigurationIsVisible = 0;
			defaultConfigurationName = Release;
		};
		1078B685261196F7002C759E /* Build configuration list for PBXNativeTarget "Scanner" */ = {
			isa = XCConfigurationList;
			buildConfigurations = (
				1078B686261196F7002C759E /* Debug */,
				1078B687261196F7002C759E /* Release */,
			);
			defaultConfigurationIsVisible = 0;
			defaultConfigurationName = Release;
		};
		1078B688261196F7002C759E /* Build configuration list for PBXNativeTarget "ScannerTests" */ = {
			isa = XCConfigurationList;
			buildConfigurations = (
				1078B689261196F7002C759E /* Debug */,
				1078B68A261196F7002C759E /* Release */,
			);
			defaultConfigurationIsVisible = 0;
			defaultConfigurationName = Release;
		};
		1078B68B261196F7002C759E /* Build configuration list for PBXNativeTarget "ScannerUITests" */ = {
			isa = XCConfigurationList;
			buildConfigurations = (
				1078B68C261196F7002C759E /* Debug */,
				1078B68D261196F7002C759E /* Release */,
			);
			defaultConfigurationIsVisible = 0;
			defaultConfigurationName = Release;
		};
/* End XCConfigurationList section */

/* Begin XCVersionGroup section */
		1078B669261196F7002C759E /* Scanner.xcdatamodeld */ = {
			isa = XCVersionGroup;
			children = (
				1078B66A261196F7002C759E /* Scanner.xcdatamodel */,
			);
			currentVersion = 1078B66A261196F7002C759E /* Scanner.xcdatamodel */;
			path = Scanner.xcdatamodeld;
			sourceTree = "<group>";
			versionGroupType = wrapper.xcdatamodel;
		};
/* End XCVersionGroup section */
	};
	rootObject = 1078B653261196F5002C759E /* Project object */;
}
